// !$*UTF8*$!
{
	archiveVersion = 1;
	classes = {
	};
	objectVersion = 56;
	objects = {

/* Begin PBXBuildFile section */
		96138B592964ACB900AC7A74 /* testingApp.swift in Sources */ = {isa = PBXBuildFile; fileRef = 96138B582964ACB900AC7A74 /* testingApp.swift */; };
		96138B5B2964ACB900AC7A74 /* ContentView.swift in Sources */ = {isa = PBXBuildFile; fileRef = 96138B5A2964ACB900AC7A74 /* ContentView.swift */; };
		96138B5D2964ACBA00AC7A74 /* Assets.xcassets in Resources */ = {isa = PBXBuildFile; fileRef = 96138B5C2964ACBA00AC7A74 /* Assets.xcassets */; };
		96138B612964ACBA00AC7A74 /* Preview Assets.xcassets in Resources */ = {isa = PBXBuildFile; fileRef = 96138B602964ACBA00AC7A74 /* Preview Assets.xcassets */; };
		96138B6B2964ACBA00AC7A74 /* testingTests.swift in Sources */ = {isa = PBXBuildFile; fileRef = 96138B6A2964ACBA00AC7A74 /* testingTests.swift */; };
		96138B752964ACBA00AC7A74 /* testingUITests.swift in Sources */ = {isa = PBXBuildFile; fileRef = 96138B742964ACBA00AC7A74 /* testingUITests.swift */; };
		96138B772964ACBA00AC7A74 /* testingUITestsLaunchTests.swift in Sources */ = {isa = PBXBuildFile; fileRef = 96138B762964ACBA00AC7A74 /* testingUITestsLaunchTests.swift */; };
/* End PBXBuildFile section */

/* Begin PBXContainerItemProxy section */
		96138B672964ACBA00AC7A74 /* PBXContainerItemProxy */ = {
			isa = PBXContainerItemProxy;
			containerPortal = 96138B4D2964ACB900AC7A74 /* Project object */;
			proxyType = 1;
			remoteGlobalIDString = 96138B542964ACB900AC7A74;
			remoteInfo = testing;
		};
		96138B712964ACBA00AC7A74 /* PBXContainerItemProxy */ = {
			isa = PBXContainerItemProxy;
			containerPortal = 96138B4D2964ACB900AC7A74 /* Project object */;
			proxyType = 1;
			remoteGlobalIDString = 96138B542964ACB900AC7A74;
			remoteInfo = testing;
		};
/* End PBXContainerItemProxy section */

/* Begin PBXFileReference section */
		96138B552964ACB900AC7A74 /* testing.app */ = {isa = PBXFileReference; explicitFileType = wrapper.application; includeInIndex = 0; path = testing.app; sourceTree = BUILT_PRODUCTS_DIR; };
		96138B582964ACB900AC7A74 /* testingApp.swift */ = {isa = PBXFileReference; lastKnownFileType = sourcecode.swift; path = testingApp.swift; sourceTree = "<group>"; };
		96138B5A2964ACB900AC7A74 /* ContentView.swift */ = {isa = PBXFileReference; lastKnownFileType = sourcecode.swift; path = ContentView.swift; sourceTree = "<group>"; };
		96138B5C2964ACBA00AC7A74 /* Assets.xcassets */ = {isa = PBXFileReference; lastKnownFileType = folder.assetcatalog; path = Assets.xcassets; sourceTree = "<group>"; };
		96138B5E2964ACBA00AC7A74 /* testing.entitlements */ = {isa = PBXFileReference; lastKnownFileType = text.plist.entitlements; path = testing.entitlements; sourceTree = "<group>"; };
		96138B602964ACBA00AC7A74 /* Preview Assets.xcassets */ = {isa = PBXFileReference; lastKnownFileType = folder.assetcatalog; path = "Preview Assets.xcassets"; sourceTree = "<group>"; };
		96138B662964ACBA00AC7A74 /* testingTests.xctest */ = {isa = PBXFileReference; explicitFileType = wrapper.cfbundle; includeInIndex = 0; path = testingTests.xctest; sourceTree = BUILT_PRODUCTS_DIR; };
		96138B6A2964ACBA00AC7A74 /* testingTests.swift */ = {isa = PBXFileReference; lastKnownFileType = sourcecode.swift; path = testingTests.swift; sourceTree = "<group>"; };
		96138B702964ACBA00AC7A74 /* testingUITests.xctest */ = {isa = PBXFileReference; explicitFileType = wrapper.cfbundle; includeInIndex = 0; path = testingUITests.xctest; sourceTree = BUILT_PRODUCTS_DIR; };
		96138B742964ACBA00AC7A74 /* testingUITests.swift */ = {isa = PBXFileReference; lastKnownFileType = sourcecode.swift; path = testingUITests.swift; sourceTree = "<group>"; };
		96138B762964ACBA00AC7A74 /* testingUITestsLaunchTests.swift */ = {isa = PBXFileReference; lastKnownFileType = sourcecode.swift; path = testingUITestsLaunchTests.swift; sourceTree = "<group>"; };
/* End PBXFileReference section */

/* Begin PBXFrameworksBuildPhase section */
		96138B522964ACB900AC7A74 /* Frameworks */ = {
			isa = PBXFrameworksBuildPhase;
			buildActionMask = 2147483647;
			files = (
			);
			runOnlyForDeploymentPostprocessing = 0;
		};
		96138B632964ACBA00AC7A74 /* Frameworks */ = {
			isa = PBXFrameworksBuildPhase;
			buildActionMask = 2147483647;
			files = (
			);
			runOnlyForDeploymentPostprocessing = 0;
		};
		96138B6D2964ACBA00AC7A74 /* Frameworks */ = {
			isa = PBXFrameworksBuildPhase;
			buildActionMask = 2147483647;
			files = (
			);
			runOnlyForDeploymentPostprocessing = 0;
		};
/* End PBXFrameworksBuildPhase section */

/* Begin PBXGroup section */
		96138B4C2964ACB900AC7A74 = {
			isa = PBXGroup;
			children = (
				96138B572964ACB900AC7A74 /* testing */,
				96138B692964ACBA00AC7A74 /* testingTests */,
				96138B732964ACBA00AC7A74 /* testingUITests */,
				96138B562964ACB900AC7A74 /* Products */,
			);
			sourceTree = "<group>";
		};
		96138B562964ACB900AC7A74 /* Products */ = {
			isa = PBXGroup;
			children = (
				96138B552964ACB900AC7A74 /* testing.app */,
				96138B662964ACBA00AC7A74 /* testingTests.xctest */,
				96138B702964ACBA00AC7A74 /* testingUITests.xctest */,
			);
			name = Products;
			sourceTree = "<group>";
		};
		96138B572964ACB900AC7A74 /* testing */ = {
			isa = PBXGroup;
			children = (
				96138B582964ACB900AC7A74 /* testingApp.swift */,
				96138B5A2964ACB900AC7A74 /* ContentView.swift */,
				96138B5C2964ACBA00AC7A74 /* Assets.xcassets */,
				96138B5E2964ACBA00AC7A74 /* testing.entitlements */,
				96138B5F2964ACBA00AC7A74 /* Preview Content */,
			);
			path = testing;
			sourceTree = "<group>";
		};
		96138B5F2964ACBA00AC7A74 /* Preview Content */ = {
			isa = PBXGroup;
			children = (
				96138B602964ACBA00AC7A74 /* Preview Assets.xcassets */,
			);
			path = "Preview Content";
			sourceTree = "<group>";
		};
		96138B692964ACBA00AC7A74 /* testingTests */ = {
			isa = PBXGroup;
			children = (
				96138B6A2964ACBA00AC7A74 /* testingTests.swift */,
			);
			path = testingTests;
			sourceTree = "<group>";
		};
		96138B732964ACBA00AC7A74 /* testingUITests */ = {
			isa = PBXGroup;
			children = (
				96138B742964ACBA00AC7A74 /* testingUITests.swift */,
				96138B762964ACBA00AC7A74 /* testingUITestsLaunchTests.swift */,
			);
			path = testingUITests;
			sourceTree = "<group>";
		};
/* End PBXGroup section */

/* Begin PBXNativeTarget section */
		96138B542964ACB900AC7A74 /* testing */ = {
			isa = PBXNativeTarget;
			buildConfigurationList = 96138B7A2964ACBA00AC7A74 /* Build configuration list for PBXNativeTarget "testing" */;
			buildPhases = (
				96138B512964ACB900AC7A74 /* Sources */,
				96138B522964ACB900AC7A74 /* Frameworks */,
				96138B532964ACB900AC7A74 /* Resources */,
			);
			buildRules = (
			);
			dependencies = (
			);
			name = testing;
			productName = testing;
			productReference = 96138B552964ACB900AC7A74 /* testing.app */;
			productType = "com.apple.product-type.application";
		};
		96138B652964ACBA00AC7A74 /* testingTests */ = {
			isa = PBXNativeTarget;
			buildConfigurationList = 96138B7D2964ACBA00AC7A74 /* Build configuration list for PBXNativeTarget "testingTests" */;
			buildPhases = (
				96138B622964ACBA00AC7A74 /* Sources */,
				96138B632964ACBA00AC7A74 /* Frameworks */,
				96138B642964ACBA00AC7A74 /* Resources */,
			);
			buildRules = (
			);
			dependencies = (
				96138B682964ACBA00AC7A74 /* PBXTargetDependency */,
			);
			name = testingTests;
			productName = testingTests;
			productReference = 96138B662964ACBA00AC7A74 /* testingTests.xctest */;
			productType = "com.apple.product-type.bundle.unit-test";
		};
		96138B6F2964ACBA00AC7A74 /* testingUITests */ = {
			isa = PBXNativeTarget;
			buildConfigurationList = 96138B802964ACBA00AC7A74 /* Build configuration list for PBXNativeTarget "testingUITests" */;
			buildPhases = (
				96138B6C2964ACBA00AC7A74 /* Sources */,
				96138B6D2964ACBA00AC7A74 /* Frameworks */,
				96138B6E2964ACBA00AC7A74 /* Resources */,
			);
			buildRules = (
			);
			dependencies = (
				96138B722964ACBA00AC7A74 /* PBXTargetDependency */,
			);
			name = testingUITests;
			productName = testingUITests;
			productReference = 96138B702964ACBA00AC7A74 /* testingUITests.xctest */;
			productType = "com.apple.product-type.bundle.ui-testing";
		};
/* End PBXNativeTarget section */

/* Begin PBXProject section */
		96138B4D2964ACB900AC7A74 /* Project object */ = {
			isa = PBXProject;
			attributes = {
				BuildIndependentTargetsInParallel = 1;
				LastSwiftUpdateCheck = 1420;
				LastUpgradeCheck = 1420;
				TargetAttributes = {
					96138B542964ACB900AC7A74 = {
						CreatedOnToolsVersion = 14.2;
					};
					96138B652964ACBA00AC7A74 = {
						CreatedOnToolsVersion = 14.2;
						TestTargetID = 96138B542964ACB900AC7A74;
					};
					96138B6F2964ACBA00AC7A74 = {
						CreatedOnToolsVersion = 14.2;
						TestTargetID = 96138B542964ACB900AC7A74;
					};
				};
			};
			buildConfigurationList = 96138B502964ACB900AC7A74 /* Build configuration list for PBXProject "testing" */;
			compatibilityVersion = "Xcode 14.0";
			developmentRegion = en;
			hasScannedForEncodings = 0;
			knownRegions = (
				en,
				Base,
			);
			mainGroup = 96138B4C2964ACB900AC7A74;
			productRefGroup = 96138B562964ACB900AC7A74 /* Products */;
			projectDirPath = "";
			projectRoot = "";
			targets = (
				96138B542964ACB900AC7A74 /* testing */,
				96138B652964ACBA00AC7A74 /* testingTests */,
				96138B6F2964ACBA00AC7A74 /* testingUITests */,
			);
		};
/* End PBXProject section */

/* Begin PBXResourcesBuildPhase section */
		96138B532964ACB900AC7A74 /* Resources */ = {
			isa = PBXResourcesBuildPhase;
			buildActionMask = 2147483647;
			files = (
				96138B612964ACBA00AC7A74 /* Preview Assets.xcassets in Resources */,
				96138B5D2964ACBA00AC7A74 /* Assets.xcassets in Resources */,
			);
			runOnlyForDeploymentPostprocessing = 0;
		};
		96138B642964ACBA00AC7A74 /* Resources */ = {
			isa = PBXResourcesBuildPhase;
			buildActionMask = 2147483647;
			files = (
			);
			runOnlyForDeploymentPostprocessing = 0;
		};
		96138B6E2964ACBA00AC7A74 /* Resources */ = {
			isa = PBXResourcesBuildPhase;
			buildActionMask = 2147483647;
			files = (
			);
			runOnlyForDeploymentPostprocessing = 0;
		};
/* End PBXResourcesBuildPhase section */

/* Begin PBXSourcesBuildPhase section */
		96138B512964ACB900AC7A74 /* Sources */ = {
			isa = PBXSourcesBuildPhase;
			buildActionMask = 2147483647;
			files = (
				96138B5B2964ACB900AC7A74 /* ContentView.swift in Sources */,
				96138B592964ACB900AC7A74 /* testingApp.swift in Sources */,
			);
			runOnlyForDeploymentPostprocessing = 0;
		};
		96138B622964ACBA00AC7A74 /* Sources */ = {
			isa = PBXSourcesBuildPhase;
			buildActionMask = 2147483647;
			files = (
				96138B6B2964ACBA00AC7A74 /* testingTests.swift in Sources */,
			);
			runOnlyForDeploymentPostprocessing = 0;
		};
		96138B6C2964ACBA00AC7A74 /* Sources */ = {
			isa = PBXSourcesBuildPhase;
			buildActionMask = 2147483647;
			files = (
				96138B752964ACBA00AC7A74 /* testingUITests.swift in Sources */,
				96138B772964ACBA00AC7A74 /* testingUITestsLaunchTests.swift in Sources */,
			);
			runOnlyForDeploymentPostprocessing = 0;
		};
/* End PBXSourcesBuildPhase section */

/* Begin PBXTargetDependency section */
		96138B682964ACBA00AC7A74 /* PBXTargetDependency */ = {
			isa = PBXTargetDependency;
			target = 96138B542964ACB900AC7A74 /* testing */;
			targetProxy = 96138B672964ACBA00AC7A74 /* PBXContainerItemProxy */;
		};
		96138B722964ACBA00AC7A74 /* PBXTargetDependency */ = {
			isa = PBXTargetDependency;
			target = 96138B542964ACB900AC7A74 /* testing */;
			targetProxy = 96138B712964ACBA00AC7A74 /* PBXContainerItemProxy */;
		};
/* End PBXTargetDependency section */

/* Begin XCBuildConfiguration section */
		96138B782964ACBA00AC7A74 /* Debug */ = {
			isa = XCBuildConfiguration;
			buildSettings = {
				ALWAYS_SEARCH_USER_PATHS = NO;
				CLANG_ANALYZER_NONNULL = YES;
				CLANG_ANALYZER_NUMBER_OBJECT_CONVERSION = YES_AGGRESSIVE;
				CLANG_CXX_LANGUAGE_STANDARD = "gnu++20";
				CLANG_ENABLE_MODULES = YES;
				CLANG_ENABLE_OBJC_ARC = YES;
				CLANG_ENABLE_OBJC_WEAK = YES;
				CLANG_WARN_BLOCK_CAPTURE_AUTORELEASING = YES;
				CLANG_WARN_BOOL_CONVERSION = YES;
				CLANG_WARN_COMMA = YES;
				CLANG_WARN_CONSTANT_CONVERSION = YES;
				CLANG_WARN_DEPRECATED_OBJC_IMPLEMENTATIONS = YES;
				CLANG_WARN_DIRECT_OBJC_ISA_USAGE = YES_ERROR;
				CLANG_WARN_DOCUMENTATION_COMMENTS = YES;
				CLANG_WARN_EMPTY_BODY = YES;
				CLANG_WARN_ENUM_CONVERSION = YES;
				CLANG_WARN_INFINITE_RECURSION = YES;
				CLANG_WARN_INT_CONVERSION = YES;
				CLANG_WARN_NON_LITERAL_NULL_CONVERSION = YES;
				CLANG_WARN_OBJC_IMPLICIT_RETAIN_SELF = YES;
				CLANG_WARN_OBJC_LITERAL_CONVERSION = YES;
				CLANG_WARN_OBJC_ROOT_CLASS = YES_ERROR;
				CLANG_WARN_QUOTED_INCLUDE_IN_FRAMEWORK_HEADER = YES;
				CLANG_WARN_RANGE_LOOP_ANALYSIS = YES;
				CLANG_WARN_STRICT_PROTOTYPES = YES;
				CLANG_WARN_SUSPICIOUS_MOVE = YES;
				CLANG_WARN_UNGUARDED_AVAILABILITY = YES_AGGRESSIVE;
				CLANG_WARN_UNREACHABLE_CODE = YES;
				CLANG_WARN__DUPLICATE_METHOD_MATCH = YES;
				COPY_PHASE_STRIP = NO;
				DEBUG_INFORMATION_FORMAT = dwarf;
				ENABLE_STRICT_OBJC_MSGSEND = YES;
				ENABLE_TESTABILITY = YES;
				GCC_C_LANGUAGE_STANDARD = gnu11;
				GCC_DYNAMIC_NO_PIC = NO;
				GCC_NO_COMMON_BLOCKS = YES;
				GCC_OPTIMIZATION_LEVEL = 0;
				GCC_PREPROCESSOR_DEFINITIONS = (
					"DEBUG=1",
					"$(inherited)",
				);
				GCC_WARN_64_TO_32_BIT_CONVERSION = YES;
				GCC_WARN_ABOUT_RETURN_TYPE = YES_ERROR;
				GCC_WARN_UNDECLARED_SELECTOR = YES;
				GCC_WARN_UNINITIALIZED_AUTOS = YES_AGGRESSIVE;
				GCC_WARN_UNUSED_FUNCTION = YES;
				GCC_WARN_UNUSED_VARIABLE = YES;
				MTL_ENABLE_DEBUG_INFO = INCLUDE_SOURCE;
				MTL_FAST_MATH = YES;
				ONLY_ACTIVE_ARCH = YES;
				SWIFT_ACTIVE_COMPILATION_CONDITIONS = DEBUG;
				SWIFT_OPTIMIZATION_LEVEL = "-Onone";
			};
			name = Debug;
		};
		96138B792964ACBA00AC7A74 /* Release */ = {
			isa = XCBuildConfiguration;
			buildSettings = {
				ALWAYS_SEARCH_USER_PATHS = NO;
				CLANG_ANALYZER_NONNULL = YES;
				CLANG_ANALYZER_NUMBER_OBJECT_CONVERSION = YES_AGGRESSIVE;
				CLANG_CXX_LANGUAGE_STANDARD = "gnu++20";
				CLANG_ENABLE_MODULES = YES;
				CLANG_ENABLE_OBJC_ARC = YES;
				CLANG_ENABLE_OBJC_WEAK = YES;
				CLANG_WARN_BLOCK_CAPTURE_AUTORELEASING = YES;
				CLANG_WARN_BOOL_CONVERSION = YES;
				CLANG_WARN_COMMA = YES;
				CLANG_WARN_CONSTANT_CONVERSION = YES;
				CLANG_WARN_DEPRECATED_OBJC_IMPLEMENTATIONS = YES;
				CLANG_WARN_DIRECT_OBJC_ISA_USAGE = YES_ERROR;
				CLANG_WARN_DOCUMENTATION_COMMENTS = YES;
				CLANG_WARN_EMPTY_BODY = YES;
				CLANG_WARN_ENUM_CONVERSION = YES;
				CLANG_WARN_INFINITE_RECURSION = YES;
				CLANG_WARN_INT_CONVERSION = YES;
				CLANG_WARN_NON_LITERAL_NULL_CONVERSION = YES;
				CLANG_WARN_OBJC_IMPLICIT_RETAIN_SELF = YES;
				CLANG_WARN_OBJC_LITERAL_CONVERSION = YES;
				CLANG_WARN_OBJC_ROOT_CLASS = YES_ERROR;
				CLANG_WARN_QUOTED_INCLUDE_IN_FRAMEWORK_HEADER = YES;
				CLANG_WARN_RANGE_LOOP_ANALYSIS = YES;
				CLANG_WARN_STRICT_PROTOTYPES = YES;
				CLANG_WARN_SUSPICIOUS_MOVE = YES;
				CLANG_WARN_UNGUARDED_AVAILABILITY = YES_AGGRESSIVE;
				CLANG_WARN_UNREACHABLE_CODE = YES;
				CLANG_WARN__DUPLICATE_METHOD_MATCH = YES;
				COPY_PHASE_STRIP = NO;
				DEBUG_INFORMATION_FORMAT = "dwarf-with-dsym";
				ENABLE_NS_ASSERTIONS = NO;
				ENABLE_STRICT_OBJC_MSGSEND = YES;
				GCC_C_LANGUAGE_STANDARD = gnu11;
				GCC_NO_COMMON_BLOCKS = YES;
				GCC_WARN_64_TO_32_BIT_CONVERSION = YES;
				GCC_WARN_ABOUT_RETURN_TYPE = YES_ERROR;
				GCC_WARN_UNDECLARED_SELECTOR = YES;
				GCC_WARN_UNINITIALIZED_AUTOS = YES_AGGRESSIVE;
				GCC_WARN_UNUSED_FUNCTION = YES;
				GCC_WARN_UNUSED_VARIABLE = YES;
				MTL_ENABLE_DEBUG_INFO = NO;
				MTL_FAST_MATH = YES;
				SWIFT_COMPILATION_MODE = wholemodule;
				SWIFT_OPTIMIZATION_LEVEL = "-O";
			};
			name = Release;
		};
		96138B7B2964ACBA00AC7A74 /* Debug */ = {
			isa = XCBuildConfiguration;
			buildSettings = {
				ASSETCATALOG_COMPILER_APPICON_NAME = AppIcon;
				ASSETCATALOG_COMPILER_GLOBAL_ACCENT_COLOR_NAME = AccentColor;
				CODE_SIGN_ENTITLEMENTS = testing/testing.entitlements;
				CODE_SIGN_STYLE = Automatic;
				CURRENT_PROJECT_VERSION = 1;
				DEVELOPMENT_ASSET_PATHS = "\"testing/Preview Content\"";
				ENABLE_PREVIEWS = YES;
				GENERATE_INFOPLIST_FILE = YES;
				"INFOPLIST_KEY_UIApplicationSceneManifest_Generation[sdk=iphoneos*]" = YES;
				"INFOPLIST_KEY_UIApplicationSceneManifest_Generation[sdk=iphonesimulator*]" = YES;
				"INFOPLIST_KEY_UIApplicationSupportsIndirectInputEvents[sdk=iphoneos*]" = YES;
				"INFOPLIST_KEY_UIApplicationSupportsIndirectInputEvents[sdk=iphonesimulator*]" = YES;
				"INFOPLIST_KEY_UILaunchScreen_Generation[sdk=iphoneos*]" = YES;
				"INFOPLIST_KEY_UILaunchScreen_Generation[sdk=iphonesimulator*]" = YES;
				"INFOPLIST_KEY_UIStatusBarStyle[sdk=iphoneos*]" = UIStatusBarStyleDefault;
				"INFOPLIST_KEY_UIStatusBarStyle[sdk=iphonesimulator*]" = UIStatusBarStyleDefault;
				INFOPLIST_KEY_UISupportedInterfaceOrientations_iPad = "UIInterfaceOrientationPortrait UIInterfaceOrientationPortraitUpsideDown UIInterfaceOrientationLandscapeLeft UIInterfaceOrientationLandscapeRight";
				INFOPLIST_KEY_UISupportedInterfaceOrientations_iPhone = "UIInterfaceOrientationPortrait UIInterfaceOrientationLandscapeLeft UIInterfaceOrientationLandscapeRight";
				IPHONEOS_DEPLOYMENT_TARGET = 16.2;
				LD_RUNPATH_SEARCH_PATHS = "@executable_path/Frameworks";
				"LD_RUNPATH_SEARCH_PATHS[sdk=macosx*]" = "@executable_path/../Frameworks";
				MACOSX_DEPLOYMENT_TARGET = 13.0;
				MARKETING_VERSION = 1.0;
				PRODUCT_BUNDLE_IDENTIFIER = "JDE-STUDIOS.testing";
				PRODUCT_NAME = "$(TARGET_NAME)";
				SDKROOT = auto;
				SUPPORTED_PLATFORMS = "iphoneos iphonesimulator macosx";
				SWIFT_EMIT_LOC_STRINGS = YES;
				SWIFT_VERSION = 5.0;
				TARGETED_DEVICE_FAMILY = "1,2";
			};
			name = Debug;
		};
		96138B7C2964ACBA00AC7A74 /* Release */ = {
			isa = XCBuildConfiguration;
			buildSettings = {
				ASSETCATALOG_COMPILER_APPICON_NAME = AppIcon;
				ASSETCATALOG_COMPILER_GLOBAL_ACCENT_COLOR_NAME = AccentColor;
				CODE_SIGN_ENTITLEMENTS = testing/testing.entitlements;
				CODE_SIGN_STYLE = Automatic;
				CURRENT_PROJECT_VERSION = 1;
				DEVELOPMENT_ASSET_PATHS = "\"testing/Preview Content\"";
				ENABLE_PREVIEWS = YES;
				GENERATE_INFOPLIST_FILE = YES;
				"INFOPLIST_KEY_UIApplicationSceneManifest_Generation[sdk=iphoneos*]" = YES;
				"INFOPLIST_KEY_UIApplicationSceneManifest_Generation[sdk=iphonesimulator*]" = YES;
				"INFOPLIST_KEY_UIApplicationSupportsIndirectInputEvents[sdk=iphoneos*]" = YES;
				"INFOPLIST_KEY_UIApplicationSupportsIndirectInputEvents[sdk=iphonesimulator*]" = YES;
				"INFOPLIST_KEY_UILaunchScreen_Generation[sdk=iphoneos*]" = YES;
				"INFOPLIST_KEY_UILaunchScreen_Generation[sdk=iphonesimulator*]" = YES;
				"INFOPLIST_KEY_UIStatusBarStyle[sdk=iphoneos*]" = UIStatusBarStyleDefault;
				"INFOPLIST_KEY_UIStatusBarStyle[sdk=iphonesimulator*]" = UIStatusBarStyleDefault;
				INFOPLIST_KEY_UISupportedInterfaceOrientations_iPad = "UIInterfaceOrientationPortrait UIInterfaceOrientationPortraitUpsideDown UIInterfaceOrientationLandscapeLeft UIInterfaceOrientationLandscapeRight";
				INFOPLIST_KEY_UISupportedInterfaceOrientations_iPhone = "UIInterfaceOrientationPortrait UIInterfaceOrientationLandscapeLeft UIInterfaceOrientationLandscapeRight";
				IPHONEOS_DEPLOYMENT_TARGET = 16.2;
				LD_RUNPATH_SEARCH_PATHS = "@executable_path/Frameworks";
				"LD_RUNPATH_SEARCH_PATHS[sdk=macosx*]" = "@executable_path/../Frameworks";
				MACOSX_DEPLOYMENT_TARGET = 13.0;
				MARKETING_VERSION = 1.0;
				PRODUCT_BUNDLE_IDENTIFIER = "JDE-STUDIOS.testing";
				PRODUCT_NAME = "$(TARGET_NAME)";
				SDKROOT = auto;
				SUPPORTED_PLATFORMS = "iphoneos iphonesimulator macosx";
				SWIFT_EMIT_LOC_STRINGS = YES;
				SWIFT_VERSION = 5.0;
				TARGETED_DEVICE_FAMILY = "1,2";
			};
			name = Release;
		};
		96138B7E2964ACBA00AC7A74 /* Debug */ = {
			isa = XCBuildConfiguration;
			buildSettings = {
				ALWAYS_EMBED_SWIFT_STANDARD_LIBRARIES = YES;
				BUNDLE_LOADER = "$(TEST_HOST)";
				CODE_SIGN_STYLE = Automatic;
				CURRENT_PROJECT_VERSION = 1;
				GENERATE_INFOPLIST_FILE = YES;
				IPHONEOS_DEPLOYMENT_TARGET = 16.2;
				MACOSX_DEPLOYMENT_TARGET = 13.0;
				MARKETING_VERSION = 1.0;
				PRODUCT_BUNDLE_IDENTIFIER = "JDE-STUDIOS.testingTests";
				PRODUCT_NAME = "$(TARGET_NAME)";
				SDKROOT = auto;
				SUPPORTED_PLATFORMS = "iphoneos iphonesimulator macosx";
				SWIFT_EMIT_LOC_STRINGS = NO;
				SWIFT_VERSION = 5.0;
				TARGETED_DEVICE_FAMILY = "1,2";
				TEST_HOST = "$(BUILT_PRODUCTS_DIR)/testing.app/$(BUNDLE_EXECUTABLE_FOLDER_PATH)/testing";
			};
			name = Debug;
		};
		96138B7F2964ACBA00AC7A74 /* Release */ = {
			isa = XCBuildConfiguration;
			buildSettings = {
				ALWAYS_EMBED_SWIFT_STANDARD_LIBRARIES = YES;
				BUNDLE_LOADER = "$(TEST_HOST)";
				CODE_SIGN_STYLE = Automatic;
				CURRENT_PROJECT_VERSION = 1;
				GENERATE_INFOPLIST_FILE = YES;
				IPHONEOS_DEPLOYMENT_TARGET = 16.2;
				MACOSX_DEPLOYMENT_TARGET = 13.0;
				MARKETING_VERSION = 1.0;
				PRODUCT_BUNDLE_IDENTIFIER = "JDE-STUDIOS.testingTests";
				PRODUCT_NAME = "$(TARGET_NAME)";
				SDKROOT = auto;
				SUPPORTED_PLATFORMS = "iphoneos iphonesimulator macosx";
				SWIFT_EMIT_LOC_STRINGS = NO;
				SWIFT_VERSION = 5.0;
				TARGETED_DEVICE_FAMILY = "1,2";
				TEST_HOST = "$(BUILT_PRODUCTS_DIR)/testing.app/$(BUNDLE_EXECUTABLE_FOLDER_PATH)/testing";
			};
			name = Release;
		};
		96138B812964ACBA00AC7A74 /* Debug */ = {
			isa = XCBuildConfiguration;
			buildSettings = {
				ALWAYS_EMBED_SWIFT_STANDARD_LIBRARIES = YES;
				CODE_SIGN_STYLE = Automatic;
				CURRENT_PROJECT_VERSION = 1;
				GENERATE_INFOPLIST_FILE = YES;
				IPHONEOS_DEPLOYMENT_TARGET = 16.2;
				MACOSX_DEPLOYMENT_TARGET = 13.0;
				MARKETING_VERSION = 1.0;
				PRODUCT_BUNDLE_IDENTIFIER = "JDE-STUDIOS.testingUITests";
				PRODUCT_NAME = "$(TARGET_NAME)";
				SDKROOT = auto;
				SUPPORTED_PLATFORMS = "iphoneos iphonesimulator macosx";
				SWIFT_EMIT_LOC_STRINGS = NO;
				SWIFT_VERSION = 5.0;
				TARGETED_DEVICE_FAMILY = "1,2";
				TEST_TARGET_NAME = testing;
			};
			name = Debug;
		};
		96138B822964ACBA00AC7A74 /* Release */ = {
			isa = XCBuildConfiguration;
			buildSettings = {
				ALWAYS_EMBED_SWIFT_STANDARD_LIBRARIES = YES;
				CODE_SIGN_STYLE = Automatic;
				CURRENT_PROJECT_VERSION = 1;
				GENERATE_INFOPLIST_FILE = YES;
				IPHONEOS_DEPLOYMENT_TARGET = 16.2;
				MACOSX_DEPLOYMENT_TARGET = 13.0;
				MARKETING_VERSION = 1.0;
				PRODUCT_BUNDLE_IDENTIFIER = "JDE-STUDIOS.testingUITests";
				PRODUCT_NAME = "$(TARGET_NAME)";
				SDKROOT = auto;
				SUPPORTED_PLATFORMS = "iphoneos iphonesimulator macosx";
				SWIFT_EMIT_LOC_STRINGS = NO;
				SWIFT_VERSION = 5.0;
				TARGETED_DEVICE_FAMILY = "1,2";
				TEST_TARGET_NAME = testing;
			};
			name = Release;
		};
/* End XCBuildConfiguration section */

/* Begin XCConfigurationList section */
		96138B502964ACB900AC7A74 /* Build configuration list for PBXProject "testing" */ = {
			isa = XCConfigurationList;
			buildConfigurations = (
				96138B782964ACBA00AC7A74 /* Debug */,
				96138B792964ACBA00AC7A74 /* Release */,
			);
			defaultConfigurationIsVisible = 0;
			defaultConfigurationName = Release;
		};
		96138B7A2964ACBA00AC7A74 /* Build configuration list for PBXNativeTarget "testing" */ = {
			isa = XCConfigurationList;
			buildConfigurations = (
				96138B7B2964ACBA00AC7A74 /* Debug */,
				96138B7C2964ACBA00AC7A74 /* Release */,
			);
			defaultConfigurationIsVisible = 0;
			defaultConfigurationName = Release;
		};
		96138B7D2964ACBA00AC7A74 /* Build configuration list for PBXNativeTarget "testingTests" */ = {
			isa = XCConfigurationList;
			buildConfigurations = (
				96138B7E2964ACBA00AC7A74 /* Debug */,
				96138B7F2964ACBA00AC7A74 /* Release */,
			);
			defaultConfigurationIsVisible = 0;
			defaultConfigurationName = Release;
		};
		96138B802964ACBA00AC7A74 /* Build configuration list for PBXNativeTarget "testingUITests" */ = {
			isa = XCConfigurationList;
			buildConfigurations = (
				96138B812964ACBA00AC7A74 /* Debug */,
				96138B822964ACBA00AC7A74 /* Release */,
			);
			defaultConfigurationIsVisible = 0;
			defaultConfigurationName = Release;
		};
/* End XCConfigurationList section */
	};
	rootObject = 96138B4D2964ACB900AC7A74 /* Project object */;
}
